
Microsoft Visual Studio Solution File, Format Version 12.00
# Visual Studio 15
Project("{FAE04EC0-301F-11D3-BF4B-00C04F79EFBC}") = "Unity.XR.Interaction.Toolkit.Samples.Hands", "Unity.XR.Interaction.Toolkit.Samples.Hands.csproj", "{15D3497E-31DC-5052-5E73-75FE56F24B6E}"
EndProject
Project("{FAE04EC0-301F-11D3-BF4B-00C04F79EFBC}") = "Unity.XR.Interaction.Toolkit.Samples.StarterAssets", "Unity.XR.Interaction.Toolkit.Samples.StarterAssets.csproj", "{44F7DA32-9644-2949-E292-73A939E41F9C}"
EndProject
Project("{FAE04EC0-301F-11D3-BF4B-00C04F79EFBC}") = "Assembly-CSharp-Editor", "Assembly-CSharp-Editor.csproj", "{E41F482E-8E5B-7D32-7071-FB8A97318553}"
EndProject
Project("{FAE04EC0-301F-11D3-BF4B-00C04F79EFBC}") = "Unity.XR.Interaction.Toolkit.Samples.StarterAssets.Editor", "Unity.XR.Interaction.Toolkit.Samples.StarterAssets.Editor.csproj", "{719025A5-23F3-419D-DEE6-36F8CB5277EE}"
EndProject
Project("{FAE04EC0-301F-11D3-BF4B-00C04F79EFBC}") = "Assembly-CSharp", "Assembly-CSharp.csproj", "{976EB9B5-8BDC-C644-0CA7-8FD5DCF459C8}"
EndProject
Project("{FAE04EC0-301F-11D3-BF4B-00C04F79EFBC}") = "Unity.XR.Interaction.Toolkit.Samples.Hands.Editor", "Unity.XR.Interaction.Toolkit.Samples.Hands.Editor.csproj", "{479E2441-B890-D9C7-EE6E-17F5F9390449}"
EndProject
Project("{FAE04EC0-301F-11D3-BF4B-00C04F79EFBC}") = "Unity.XR.Interaction.Toolkit.Samples.DeviceSimulator", "Unity.XR.Interaction.Toolkit.Samples.DeviceSimulator.csproj", "{A8BFAB68-50DB-FBCE-E9CE-E7E1096BDBEF}"
EndProject
Project("{FAE04EC0-301F-11D3-BF4B-00C04F79EFBC}") = "Unity.XR.Hands.Samples.VisualizerSample", "Unity.XR.Hands.Samples.VisualizerSample.csproj", "{00E32813-A81A-FF59-D457-99D26015C68F}"
EndProject
Global
	GlobalSection(SolutionConfigurationPlatforms) = preSolution
		Debug|Any CPU = Debug|Any CPU
		Release|Any CPU = Release|Any CPU
	EndGlobalSection
	GlobalSection(ProjectConfigurationPlatforms) = postSolution
		{15D3497E-31DC-5052-5E73-75FE56F24B6E}.Debug|Any CPU.ActiveCfg = Debug|Any CPU
		{15D3497E-31DC-5052-5E73-75FE56F24B6E}.Debug|Any CPU.Build.0 = Debug|Any CPU
		{15D3497E-31DC-5052-5E73-75FE56F24B6E}.Release|Any CPU.ActiveCfg = Release|Any CPU
		{15D3497E-31DC-5052-5E73-75FE56F24B6E}.Release|Any CPU.Build.0 = Release|Any CPU
		{44F7DA32-9644-2949-E292-73A939E41F9C}.Debug|Any CPU.ActiveCfg = Debug|Any CPU
		{44F7DA32-9644-2949-E292-73A939E41F9C}.Debug|Any CPU.Build.0 = Debug|Any CPU
		{44F7DA32-9644-2949-E292-73A939E41F9C}.Release|Any CPU.ActiveCfg = Release|Any CPU
		{44F7DA32-9644-2949-E292-73A939E41F9C}.Release|Any CPU.Build.0 = Release|Any CPU
		{E41F482E-8E5B-7D32-7071-FB8A97318553}.Debug|Any CPU.ActiveCfg = Debug|Any CPU
		{E41F482E-8E5B-7D32-7071-FB8A97318553}.Debug|Any CPU.Build.0 = Debug|Any CPU
		{E41F482E-8E5B-7D32-7071-FB8A97318553}.Release|Any CPU.ActiveCfg = Release|Any CPU
		{E41F482E-8E5B-7D32-7071-FB8A97318553}.Release|Any CPU.Build.0 = Release|Any CPU
		{719025A5-23F3-419D-DEE6-36F8CB5277EE}.Debug|Any CPU.ActiveCfg = Debug|Any CPU
		{719025A5-23F3-419D-DEE6-36F8CB5277EE}.Debug|Any CPU.Build.0 = Debug|Any CPU
		{719025A5-23F3-419D-DEE6-36F8CB5277EE}.Release|Any CPU.ActiveCfg = Release|Any CPU
		{719025A5-23F3-419D-DEE6-36F8CB5277EE}.Release|Any CPU.Build.0 = Release|Any CPU
		{976EB9B5-8BDC-C644-0CA7-8FD5DCF459C8}.Debug|Any CPU.ActiveCfg = Debug|Any CPU
		{976EB9B5-8BDC-C644-0CA7-8FD5DCF459C8}.Debug|Any CPU.Build.0 = Debug|Any CPU
		{976EB9B5-8BDC-C644-0CA7-8FD5DCF459C8}.Release|Any CPU.ActiveCfg = Release|Any CPU
		{976EB9B5-8BDC-C644-0CA7-8FD5DCF459C8}.Release|Any CPU.Build.0 = Release|Any CPU
		{479E2441-B890-D9C7-EE6E-17F5F9390449}.Debug|Any CPU.ActiveCfg = Debug|Any CPU
		{479E2441-B890-D9C7-EE6E-17F5F9390449}.Debug|Any CPU.Build.0 = Debug|Any CPU
		{479E2441-B890-D9C7-EE6E-17F5F9390449}.Release|Any CPU.ActiveCfg = Release|Any CPU
		{479E2441-B890-D9C7-EE6E-17F5F9390449}.Release|Any CPU.Build.0 = Release|Any CPU
		{A8BFAB68-50DB-FBCE-E9CE-E7E1096BDBEF}.Debug|Any CPU.ActiveCfg = Debug|Any CPU
		{A8BFAB68-50DB-FBCE-E9CE-E7E1096BDBEF}.Debug|Any CPU.Build.0 = Debug|Any CPU
		{A8BFAB68-50DB-FBCE-E9CE-E7E1096BDBEF}.Release|Any CPU.ActiveCfg = Release|Any CPU
		{A8BFAB68-50DB-FBCE-E9CE-E7E1096BDBEF}.Release|Any CPU.Build.0 = Release|Any CPU
		{00E32813-A81A-FF59-D457-99D26015C68F}.Debug|Any CPU.ActiveCfg = Debug|Any CPU
		{00E32813-A81A-FF59-D457-99D26015C68F}.Debug|Any CPU.Build.0 = Debug|Any CPU
		{00E32813-A81A-FF59-D457-99D26015C68F}.Release|Any CPU.ActiveCfg = Release|Any CPU
		{00E32813-A81A-FF59-D457-99D26015C68F}.Release|Any CPU.Build.0 = Release|Any CPU
	EndGlobalSection
	GlobalSection(SolutionProperties) = preSolution
		HideSolutionNode = FALSE
	EndGlobalSection
EndGlobal
